// !$*UTF8*$!
{
	archiveVersion = 1;
	classes = {
	};
	objectVersion = 56;
	objects = {

/* Begin PBXBuildFile section */
		A167261E2B00EFC000E5ADD7 /* Movie.swift in Sources */ = {isa = PBXBuildFile; fileRef = A167261D2B00EFC000E5ADD7 /* Movie.swift */; };
		A196612D2B0B8A7000E570CB /* MovieTableViewCell.swift in Sources */ = {isa = PBXBuildFile; fileRef = A196612C2B0B8A7000E570CB /* MovieTableViewCell.swift */; };
		A19661302B0B937B00E570CB /* Config.swift in Sources */ = {isa = PBXBuildFile; fileRef = A196612F2B0B937B00E570CB /* Config.swift */; };
		A19661322B0B93BA00E570CB /* ImageConfiguration.swift in Sources */ = {isa = PBXBuildFile; fileRef = A19661312B0B93BA00E570CB /* ImageConfiguration.swift */; };
		A19AF5442AFBAF70007F4D95 /* AppDelegate.swift in Sources */ = {isa = PBXBuildFile; fileRef = A19AF5432AFBAF70007F4D95 /* AppDelegate.swift */; };
		A19AF5462AFBAF70007F4D95 /* SceneDelegate.swift in Sources */ = {isa = PBXBuildFile; fileRef = A19AF5452AFBAF70007F4D95 /* SceneDelegate.swift */; };
		A19AF54D2AFBAF71007F4D95 /* Assets.xcassets in Resources */ = {isa = PBXBuildFile; fileRef = A19AF54C2AFBAF71007F4D95 /* Assets.xcassets */; };
		A19AF5502AFBAF71007F4D95 /* LaunchScreen.storyboard in Resources */ = {isa = PBXBuildFile; fileRef = A19AF54E2AFBAF71007F4D95 /* LaunchScreen.storyboard */; };
		A19AF55B2AFBAF71007F4D95 /* YassirTaskMoviesTests.swift in Sources */ = {isa = PBXBuildFile; fileRef = A19AF55A2AFBAF71007F4D95 /* YassirTaskMoviesTests.swift */; };
		A19AF5652AFBAF71007F4D95 /* YassirTaskMoviesUITests.swift in Sources */ = {isa = PBXBuildFile; fileRef = A19AF5642AFBAF71007F4D95 /* YassirTaskMoviesUITests.swift */; };
		A19AF5672AFBAF71007F4D95 /* YassirTaskMoviesUITestsLaunchTests.swift in Sources */ = {isa = PBXBuildFile; fileRef = A19AF5662AFBAF71007F4D95 /* YassirTaskMoviesUITestsLaunchTests.swift */; };
		A19AF5742AFBB138007F4D95 /* AppCoordinator.swift in Sources */ = {isa = PBXBuildFile; fileRef = A19AF5732AFBB138007F4D95 /* AppCoordinator.swift */; };
		A19AF5772AFBB2DD007F4D95 /* MovieListCoordinator.swift in Sources */ = {isa = PBXBuildFile; fileRef = A19AF5762AFBB2DD007F4D95 /* MovieListCoordinator.swift */; };
		A19AF5792AFBB34D007F4D95 /* MovieListViewController.swift in Sources */ = {isa = PBXBuildFile; fileRef = A19AF5782AFBB34D007F4D95 /* MovieListViewController.swift */; };
		A19AF58C2AFBBFA8007F4D95 /* MovieListPresenter.swift in Sources */ = {isa = PBXBuildFile; fileRef = A19AF58B2AFBBFA8007F4D95 /* MovieListPresenter.swift */; };
		A1F9D34A2AFC084600D4830D /* AlamofireImage in Frameworks */ = {isa = PBXBuildFile; productRef = A1F9D3492AFC084600D4830D /* AlamofireImage */; };
		A1F9D34D2AFC087900D4830D /* NetworkManager.swift in Sources */ = {isa = PBXBuildFile; fileRef = A1F9D34C2AFC087900D4830D /* NetworkManager.swift */; };
/* End PBXBuildFile section */

/* Begin PBXContainerItemProxy section */
		A19AF5572AFBAF71007F4D95 /* PBXContainerItemProxy */ = {
			isa = PBXContainerItemProxy;
			containerPortal = A19AF5382AFBAF70007F4D95 /* Project object */;
			proxyType = 1;
			remoteGlobalIDString = A19AF53F2AFBAF70007F4D95;
			remoteInfo = YassirTaskMovies;
		};
		A19AF5612AFBAF71007F4D95 /* PBXContainerItemProxy */ = {
			isa = PBXContainerItemProxy;
			containerPortal = A19AF5382AFBAF70007F4D95 /* Project object */;
			proxyType = 1;
			remoteGlobalIDString = A19AF53F2AFBAF70007F4D95;
			remoteInfo = YassirTaskMovies;
		};
/* End PBXContainerItemProxy section */

/* Begin PBXFileReference section */
		A167261D2B00EFC000E5ADD7 /* Movie.swift */ = {isa = PBXFileReference; lastKnownFileType = sourcecode.swift; path = Movie.swift; sourceTree = "<group>"; };
		A196612C2B0B8A7000E570CB /* MovieTableViewCell.swift */ = {isa = PBXFileReference; lastKnownFileType = sourcecode.swift; path = MovieTableViewCell.swift; sourceTree = "<group>"; };
		A196612F2B0B937B00E570CB /* Config.swift */ = {isa = PBXFileReference; lastKnownFileType = sourcecode.swift; path = Config.swift; sourceTree = "<group>"; };
		A19661312B0B93BA00E570CB /* ImageConfiguration.swift */ = {isa = PBXFileReference; lastKnownFileType = sourcecode.swift; path = ImageConfiguration.swift; sourceTree = "<group>"; };
		A19AF5402AFBAF70007F4D95 /* YassirTaskMovies.app */ = {isa = PBXFileReference; explicitFileType = wrapper.application; includeInIndex = 0; path = YassirTaskMovies.app; sourceTree = BUILT_PRODUCTS_DIR; };
		A19AF5432AFBAF70007F4D95 /* AppDelegate.swift */ = {isa = PBXFileReference; lastKnownFileType = sourcecode.swift; path = AppDelegate.swift; sourceTree = "<group>"; };
		A19AF5452AFBAF70007F4D95 /* SceneDelegate.swift */ = {isa = PBXFileReference; lastKnownFileType = sourcecode.swift; path = SceneDelegate.swift; sourceTree = "<group>"; };
		A19AF54C2AFBAF71007F4D95 /* Assets.xcassets */ = {isa = PBXFileReference; lastKnownFileType = folder.assetcatalog; path = Assets.xcassets; sourceTree = "<group>"; };
		A19AF54F2AFBAF71007F4D95 /* Base */ = {isa = PBXFileReference; lastKnownFileType = file.storyboard; name = Base; path = Base.lproj/LaunchScreen.storyboard; sourceTree = "<group>"; };
		A19AF5512AFBAF71007F4D95 /* Info.plist */ = {isa = PBXFileReference; lastKnownFileType = text.plist.xml; path = Info.plist; sourceTree = "<group>"; };
		A19AF5562AFBAF71007F4D95 /* YassirTaskMoviesTests.xctest */ = {isa = PBXFileReference; explicitFileType = wrapper.cfbundle; includeInIndex = 0; path = YassirTaskMoviesTests.xctest; sourceTree = BUILT_PRODUCTS_DIR; };
		A19AF55A2AFBAF71007F4D95 /* YassirTaskMoviesTests.swift */ = {isa = PBXFileReference; lastKnownFileType = sourcecode.swift; path = YassirTaskMoviesTests.swift; sourceTree = "<group>"; };
		A19AF5602AFBAF71007F4D95 /* YassirTaskMoviesUITests.xctest */ = {isa = PBXFileReference; explicitFileType = wrapper.cfbundle; includeInIndex = 0; path = YassirTaskMoviesUITests.xctest; sourceTree = BUILT_PRODUCTS_DIR; };
		A19AF5642AFBAF71007F4D95 /* YassirTaskMoviesUITests.swift */ = {isa = PBXFileReference; lastKnownFileType = sourcecode.swift; path = YassirTaskMoviesUITests.swift; sourceTree = "<group>"; };
		A19AF5662AFBAF71007F4D95 /* YassirTaskMoviesUITestsLaunchTests.swift */ = {isa = PBXFileReference; lastKnownFileType = sourcecode.swift; path = YassirTaskMoviesUITestsLaunchTests.swift; sourceTree = "<group>"; };
		A19AF5732AFBB138007F4D95 /* AppCoordinator.swift */ = {isa = PBXFileReference; lastKnownFileType = sourcecode.swift; path = AppCoordinator.swift; sourceTree = "<group>"; };
		A19AF5762AFBB2DD007F4D95 /* MovieListCoordinator.swift */ = {isa = PBXFileReference; lastKnownFileType = sourcecode.swift; path = MovieListCoordinator.swift; sourceTree = "<group>"; };
		A19AF5782AFBB34D007F4D95 /* MovieListViewController.swift */ = {isa = PBXFileReference; lastKnownFileType = sourcecode.swift; path = MovieListViewController.swift; sourceTree = "<group>"; };
		A19AF58B2AFBBFA8007F4D95 /* MovieListPresenter.swift */ = {isa = PBXFileReference; lastKnownFileType = sourcecode.swift; path = MovieListPresenter.swift; sourceTree = "<group>"; };
		A1F9D34C2AFC087900D4830D /* NetworkManager.swift */ = {isa = PBXFileReference; lastKnownFileType = sourcecode.swift; path = NetworkManager.swift; sourceTree = "<group>"; };
/* End PBXFileReference section */

/* Begin PBXFrameworksBuildPhase section */
		A19AF53D2AFBAF70007F4D95 /* Frameworks */ = {
			isa = PBXFrameworksBuildPhase;
			buildActionMask = 2147483647;
			files = (
				A1F9D34A2AFC084600D4830D /* AlamofireImage in Frameworks */,
			);
			runOnlyForDeploymentPostprocessing = 0;
		};
		A19AF5532AFBAF71007F4D95 /* Frameworks */ = {
			isa = PBXFrameworksBuildPhase;
			buildActionMask = 2147483647;
			files = (
			);
			runOnlyForDeploymentPostprocessing = 0;
		};
		A19AF55D2AFBAF71007F4D95 /* Frameworks */ = {
			isa = PBXFrameworksBuildPhase;
			buildActionMask = 2147483647;
			files = (
			);
			runOnlyForDeploymentPostprocessing = 0;
		};
/* End PBXFrameworksBuildPhase section */

/* Begin PBXGroup section */
		A196612E2B0B936000E570CB /* Helpers */ = {
			isa = PBXGroup;
			children = (
				A196612F2B0B937B00E570CB /* Config.swift */,
				A19661312B0B93BA00E570CB /* ImageConfiguration.swift */,
			);
			path = Helpers;
			sourceTree = "<group>";
		};
		A19AF5372AFBAF70007F4D95 = {
			isa = PBXGroup;
			children = (
				A19AF5422AFBAF70007F4D95 /* YassirTaskMovies */,
				A19AF5592AFBAF71007F4D95 /* YassirTaskMoviesTests */,
				A19AF5632AFBAF71007F4D95 /* YassirTaskMoviesUITests */,
				A19AF5412AFBAF70007F4D95 /* Products */,
			);
			sourceTree = "<group>";
		};
		A19AF5412AFBAF70007F4D95 /* Products */ = {
			isa = PBXGroup;
			children = (
				A19AF5402AFBAF70007F4D95 /* YassirTaskMovies.app */,
				A19AF5562AFBAF71007F4D95 /* YassirTaskMoviesTests.xctest */,
				A19AF5602AFBAF71007F4D95 /* YassirTaskMoviesUITests.xctest */,
			);
			name = Products;
			sourceTree = "<group>";
		};
		A19AF5422AFBAF70007F4D95 /* YassirTaskMovies */ = {
			isa = PBXGroup;
			children = (
				A196612E2B0B936000E570CB /* Helpers */,
				A1F9D34B2AFC086400D4830D /* Managers */,
				A19AF5752AFBB289007F4D95 /* MovieListFeature */,
				A19AF5432AFBAF70007F4D95 /* AppDelegate.swift */,
				A19AF5732AFBB138007F4D95 /* AppCoordinator.swift */,
				A19AF5452AFBAF70007F4D95 /* SceneDelegate.swift */,
				A19AF54C2AFBAF71007F4D95 /* Assets.xcassets */,
				A19AF54E2AFBAF71007F4D95 /* LaunchScreen.storyboard */,
				A19AF5512AFBAF71007F4D95 /* Info.plist */,
			);
			path = YassirTaskMovies;
			sourceTree = "<group>";
		};
		A19AF5592AFBAF71007F4D95 /* YassirTaskMoviesTests */ = {
			isa = PBXGroup;
			children = (
				A19AF55A2AFBAF71007F4D95 /* YassirTaskMoviesTests.swift */,
			);
			path = YassirTaskMoviesTests;
			sourceTree = "<group>";
		};
		A19AF5632AFBAF71007F4D95 /* YassirTaskMoviesUITests */ = {
			isa = PBXGroup;
			children = (
				A19AF5642AFBAF71007F4D95 /* YassirTaskMoviesUITests.swift */,
				A19AF5662AFBAF71007F4D95 /* YassirTaskMoviesUITestsLaunchTests.swift */,
			);
			path = YassirTaskMoviesUITests;
			sourceTree = "<group>";
		};
		A19AF5752AFBB289007F4D95 /* MovieListFeature */ = {
			isa = PBXGroup;
			children = (
				A19AF5762AFBB2DD007F4D95 /* MovieListCoordinator.swift */,
				A196612C2B0B8A7000E570CB /* MovieTableViewCell.swift */,
				A19AF58B2AFBBFA8007F4D95 /* MovieListPresenter.swift */,
				A19AF5782AFBB34D007F4D95 /* MovieListViewController.swift */,
				A167261D2B00EFC000E5ADD7 /* Movie.swift */,
			);
			path = MovieListFeature;
			sourceTree = "<group>";
		};
		A1F9D34B2AFC086400D4830D /* Managers */ = {
			isa = PBXGroup;
			children = (
				A1F9D34C2AFC087900D4830D /* NetworkManager.swift */,
			);
			path = Managers;
			sourceTree = "<group>";
		};
/* End PBXGroup section */

/* Begin PBXNativeTarget section */
		A19AF53F2AFBAF70007F4D95 /* YassirTaskMovies */ = {
			isa = PBXNativeTarget;
			buildConfigurationList = A19AF56A2AFBAF71007F4D95 /* Build configuration list for PBXNativeTarget "YassirTaskMovies" */;
			buildPhases = (
				A19AF53C2AFBAF70007F4D95 /* Sources */,
				A19AF53D2AFBAF70007F4D95 /* Frameworks */,
				A19AF53E2AFBAF70007F4D95 /* Resources */,
				A19AF57A2AFBB976007F4D95 /* Swift lint */,
			);
			buildRules = (
			);
			dependencies = (
			);
			name = YassirTaskMovies;
			packageProductDependencies = (
				A1F9D3492AFC084600D4830D /* AlamofireImage */,
			);
			productName = YassirTaskMovies;
			productReference = A19AF5402AFBAF70007F4D95 /* YassirTaskMovies.app */;
			productType = "com.apple.product-type.application";
		};
		A19AF5552AFBAF71007F4D95 /* YassirTaskMoviesTests */ = {
			isa = PBXNativeTarget;
			buildConfigurationList = A19AF56D2AFBAF71007F4D95 /* Build configuration list for PBXNativeTarget "YassirTaskMoviesTests" */;
			buildPhases = (
				A19AF5522AFBAF71007F4D95 /* Sources */,
				A19AF5532AFBAF71007F4D95 /* Frameworks */,
				A19AF5542AFBAF71007F4D95 /* Resources */,
			);
			buildRules = (
			);
			dependencies = (
				A19AF5582AFBAF71007F4D95 /* PBXTargetDependency */,
			);
			name = YassirTaskMoviesTests;
			productName = YassirTaskMoviesTests;
			productReference = A19AF5562AFBAF71007F4D95 /* YassirTaskMoviesTests.xctest */;
			productType = "com.apple.product-type.bundle.unit-test";
		};
		A19AF55F2AFBAF71007F4D95 /* YassirTaskMoviesUITests */ = {
			isa = PBXNativeTarget;
			buildConfigurationList = A19AF5702AFBAF71007F4D95 /* Build configuration list for PBXNativeTarget "YassirTaskMoviesUITests" */;
			buildPhases = (
				A19AF55C2AFBAF71007F4D95 /* Sources */,
				A19AF55D2AFBAF71007F4D95 /* Frameworks */,
				A19AF55E2AFBAF71007F4D95 /* Resources */,
			);
			buildRules = (
			);
			dependencies = (
				A19AF5622AFBAF71007F4D95 /* PBXTargetDependency */,
			);
			name = YassirTaskMoviesUITests;
			productName = YassirTaskMoviesUITests;
			productReference = A19AF5602AFBAF71007F4D95 /* YassirTaskMoviesUITests.xctest */;
			productType = "com.apple.product-type.bundle.ui-testing";
		};
/* End PBXNativeTarget section */

/* Begin PBXProject section */
		A19AF5382AFBAF70007F4D95 /* Project object */ = {
			isa = PBXProject;
			attributes = {
				BuildIndependentTargetsInParallel = 1;
				LastSwiftUpdateCheck = 1430;
				LastUpgradeCheck = 1430;
				TargetAttributes = {
					A19AF53F2AFBAF70007F4D95 = {
						CreatedOnToolsVersion = 14.3.1;
					};
					A19AF5552AFBAF71007F4D95 = {
						CreatedOnToolsVersion = 14.3.1;
						TestTargetID = A19AF53F2AFBAF70007F4D95;
					};
					A19AF55F2AFBAF71007F4D95 = {
						CreatedOnToolsVersion = 14.3.1;
						TestTargetID = A19AF53F2AFBAF70007F4D95;
					};
				};
			};
			buildConfigurationList = A19AF53B2AFBAF70007F4D95 /* Build configuration list for PBXProject "YassirTaskMovies" */;
			compatibilityVersion = "Xcode 14.0";
			developmentRegion = en;
			hasScannedForEncodings = 0;
			knownRegions = (
				en,
				Base,
			);
			mainGroup = A19AF5372AFBAF70007F4D95;
			packageReferences = (
				A1F9D3482AFC084600D4830D /* XCRemoteSwiftPackageReference "AlamofireImage" */,
			);
			productRefGroup = A19AF5412AFBAF70007F4D95 /* Products */;
			projectDirPath = "";
			projectRoot = "";
			targets = (
				A19AF53F2AFBAF70007F4D95 /* YassirTaskMovies */,
				A19AF5552AFBAF71007F4D95 /* YassirTaskMoviesTests */,
				A19AF55F2AFBAF71007F4D95 /* YassirTaskMoviesUITests */,
			);
		};
/* End PBXProject section */

/* Begin PBXResourcesBuildPhase section */
		A19AF53E2AFBAF70007F4D95 /* Resources */ = {
			isa = PBXResourcesBuildPhase;
			buildActionMask = 2147483647;
			files = (
				A19AF5502AFBAF71007F4D95 /* LaunchScreen.storyboard in Resources */,
				A19AF54D2AFBAF71007F4D95 /* Assets.xcassets in Resources */,
			);
			runOnlyForDeploymentPostprocessing = 0;
		};
		A19AF5542AFBAF71007F4D95 /* Resources */ = {
			isa = PBXResourcesBuildPhase;
			buildActionMask = 2147483647;
			files = (
			);
			runOnlyForDeploymentPostprocessing = 0;
		};
		A19AF55E2AFBAF71007F4D95 /* Resources */ = {
			isa = PBXResourcesBuildPhase;
			buildActionMask = 2147483647;
			files = (
			);
			runOnlyForDeploymentPostprocessing = 0;
		};
/* End PBXResourcesBuildPhase section */

/* Begin PBXShellScriptBuildPhase section */
		A19AF57A2AFBB976007F4D95 /* Swift lint */ = {
			isa = PBXShellScriptBuildPhase;
			buildActionMask = 2147483647;
			files = (
			);
			inputFileListPaths = (
			);
			inputPaths = (
			);
			name = "Swift lint";
			outputFileListPaths = (
			);
			outputPaths = (
			);
			runOnlyForDeploymentPostprocessing = 0;
			shellPath = /bin/sh;
			shellScript = "# Type a script or drag a script file from your workspace to insert its path.\nexport PATH=\"$PATH:/opt/homebrew/bin\"\n\nif which swiftlint >/dev/null; then\n  swiftlint\nelse\n  echo \"warning: SwiftLint not installed, download from https://github.com/realm/SwiftLint\"\nfi\n";
		};
/* End PBXShellScriptBuildPhase section */

/* Begin PBXSourcesBuildPhase section */
		A19AF53C2AFBAF70007F4D95 /* Sources */ = {
			isa = PBXSourcesBuildPhase;
			buildActionMask = 2147483647;
			files = (
				A19AF5742AFBB138007F4D95 /* AppCoordinator.swift in Sources */,
				A19AF58C2AFBBFA8007F4D95 /* MovieListPresenter.swift in Sources */,
				A196612D2B0B8A7000E570CB /* MovieTableViewCell.swift in Sources */,
				A19AF5792AFBB34D007F4D95 /* MovieListViewController.swift in Sources */,
				A19661322B0B93BA00E570CB /* ImageConfiguration.swift in Sources */,
				A1F9D34D2AFC087900D4830D /* NetworkManager.swift in Sources */,
				A19AF5772AFBB2DD007F4D95 /* MovieListCoordinator.swift in Sources */,
				A19AF5442AFBAF70007F4D95 /* AppDelegate.swift in Sources */,
				A19661302B0B937B00E570CB /* Config.swift in Sources */,
				A167261E2B00EFC000E5ADD7 /* Movie.swift in Sources */,
				A19AF5462AFBAF70007F4D95 /* SceneDelegate.swift in Sources */,
			);
			runOnlyForDeploymentPostprocessing = 0;
		};
		A19AF5522AFBAF71007F4D95 /* Sources */ = {
			isa = PBXSourcesBuildPhase;
			buildActionMask = 2147483647;
			files = (
				A19AF55B2AFBAF71007F4D95 /* YassirTaskMoviesTests.swift in Sources */,
			);
			runOnlyForDeploymentPostprocessing = 0;
		};
		A19AF55C2AFBAF71007F4D95 /* Sources */ = {
			isa = PBXSourcesBuildPhase;
			buildActionMask = 2147483647;
			files = (
				A19AF5652AFBAF71007F4D95 /* YassirTaskMoviesUITests.swift in Sources */,
				A19AF5672AFBAF71007F4D95 /* YassirTaskMoviesUITestsLaunchTests.swift in Sources */,
			);
			runOnlyForDeploymentPostprocessing = 0;
		};
/* End PBXSourcesBuildPhase section */

/* Begin PBXTargetDependency section */
		A19AF5582AFBAF71007F4D95 /* PBXTargetDependency */ = {
			isa = PBXTargetDependency;
			target = A19AF53F2AFBAF70007F4D95 /* YassirTaskMovies */;
			targetProxy = A19AF5572AFBAF71007F4D95 /* PBXContainerItemProxy */;
		};
		A19AF5622AFBAF71007F4D95 /* PBXTargetDependency */ = {
			isa = PBXTargetDependency;
			target = A19AF53F2AFBAF70007F4D95 /* YassirTaskMovies */;
			targetProxy = A19AF5612AFBAF71007F4D95 /* PBXContainerItemProxy */;
		};
/* End PBXTargetDependency section */

/* Begin PBXVariantGroup section */
		A19AF54E2AFBAF71007F4D95 /* LaunchScreen.storyboard */ = {
			isa = PBXVariantGroup;
			children = (
				A19AF54F2AFBAF71007F4D95 /* Base */,
			);
			name = LaunchScreen.storyboard;
			sourceTree = "<group>";
		};
/* End PBXVariantGroup section */

/* Begin XCBuildConfiguration section */
		A19AF5682AFBAF71007F4D95 /* Debug */ = {
			isa = XCBuildConfiguration;
			buildSettings = {
				ALWAYS_SEARCH_USER_PATHS = NO;
				CLANG_ANALYZER_NONNULL = YES;
				CLANG_ANALYZER_NUMBER_OBJECT_CONVERSION = YES_AGGRESSIVE;
				CLANG_CXX_LANGUAGE_STANDARD = "gnu++20";
				CLANG_ENABLE_MODULES = YES;
				CLANG_ENABLE_OBJC_ARC = YES;
				CLANG_ENABLE_OBJC_WEAK = YES;
				CLANG_WARN_BLOCK_CAPTURE_AUTORELEASING = YES;
				CLANG_WARN_BOOL_CONVERSION = YES;
				CLANG_WARN_COMMA = YES;
				CLANG_WARN_CONSTANT_CONVERSION = YES;
				CLANG_WARN_DEPRECATED_OBJC_IMPLEMENTATIONS = YES;
				CLANG_WARN_DIRECT_OBJC_ISA_USAGE = YES_ERROR;
				CLANG_WARN_DOCUMENTATION_COMMENTS = YES;
				CLANG_WARN_EMPTY_BODY = YES;
				CLANG_WARN_ENUM_CONVERSION = YES;
				CLANG_WARN_INFINITE_RECURSION = YES;
				CLANG_WARN_INT_CONVERSION = YES;
				CLANG_WARN_NON_LITERAL_NULL_CONVERSION = YES;
				CLANG_WARN_OBJC_IMPLICIT_RETAIN_SELF = YES;
				CLANG_WARN_OBJC_LITERAL_CONVERSION = YES;
				CLANG_WARN_OBJC_ROOT_CLASS = YES_ERROR;
				CLANG_WARN_QUOTED_INCLUDE_IN_FRAMEWORK_HEADER = YES;
				CLANG_WARN_RANGE_LOOP_ANALYSIS = YES;
				CLANG_WARN_STRICT_PROTOTYPES = YES;
				CLANG_WARN_SUSPICIOUS_MOVE = YES;
				CLANG_WARN_UNGUARDED_AVAILABILITY = YES_AGGRESSIVE;
				CLANG_WARN_UNREACHABLE_CODE = YES;
				CLANG_WARN__DUPLICATE_METHOD_MATCH = YES;
				COPY_PHASE_STRIP = NO;
				DEBUG_INFORMATION_FORMAT = dwarf;
				ENABLE_STRICT_OBJC_MSGSEND = YES;
				ENABLE_TESTABILITY = YES;
				GCC_C_LANGUAGE_STANDARD = gnu11;
				GCC_DYNAMIC_NO_PIC = NO;
				GCC_NO_COMMON_BLOCKS = YES;
				GCC_OPTIMIZATION_LEVEL = 0;
				GCC_PREPROCESSOR_DEFINITIONS = (
					"DEBUG=1",
					"$(inherited)",
				);
				GCC_WARN_64_TO_32_BIT_CONVERSION = YES;
				GCC_WARN_ABOUT_RETURN_TYPE = YES_ERROR;
				GCC_WARN_UNDECLARED_SELECTOR = YES;
				GCC_WARN_UNINITIALIZED_AUTOS = YES_AGGRESSIVE;
				GCC_WARN_UNUSED_FUNCTION = YES;
				GCC_WARN_UNUSED_VARIABLE = YES;
				IPHONEOS_DEPLOYMENT_TARGET = 16.4;
				MTL_ENABLE_DEBUG_INFO = INCLUDE_SOURCE;
				MTL_FAST_MATH = YES;
				ONLY_ACTIVE_ARCH = YES;
				SDKROOT = iphoneos;
				SWIFT_ACTIVE_COMPILATION_CONDITIONS = DEBUG;
				SWIFT_OPTIMIZATION_LEVEL = "-Onone";
			};
			name = Debug;
		};
		A19AF5692AFBAF71007F4D95 /* Release */ = {
			isa = XCBuildConfiguration;
			buildSettings = {
				ALWAYS_SEARCH_USER_PATHS = NO;
				CLANG_ANALYZER_NONNULL = YES;
				CLANG_ANALYZER_NUMBER_OBJECT_CONVERSION = YES_AGGRESSIVE;
				CLANG_CXX_LANGUAGE_STANDARD = "gnu++20";
				CLANG_ENABLE_MODULES = YES;
				CLANG_ENABLE_OBJC_ARC = YES;
				CLANG_ENABLE_OBJC_WEAK = YES;
				CLANG_WARN_BLOCK_CAPTURE_AUTORELEASING = YES;
				CLANG_WARN_BOOL_CONVERSION = YES;
				CLANG_WARN_COMMA = YES;
				CLANG_WARN_CONSTANT_CONVERSION = YES;
				CLANG_WARN_DEPRECATED_OBJC_IMPLEMENTATIONS = YES;
				CLANG_WARN_DIRECT_OBJC_ISA_USAGE = YES_ERROR;
				CLANG_WARN_DOCUMENTATION_COMMENTS = YES;
				CLANG_WARN_EMPTY_BODY = YES;
				CLANG_WARN_ENUM_CONVERSION = YES;
				CLANG_WARN_INFINITE_RECURSION = YES;
				CLANG_WARN_INT_CONVERSION = YES;
				CLANG_WARN_NON_LITERAL_NULL_CONVERSION = YES;
				CLANG_WARN_OBJC_IMPLICIT_RETAIN_SELF = YES;
				CLANG_WARN_OBJC_LITERAL_CONVERSION = YES;
				CLANG_WARN_OBJC_ROOT_CLASS = YES_ERROR;
				CLANG_WARN_QUOTED_INCLUDE_IN_FRAMEWORK_HEADER = YES;
				CLANG_WARN_RANGE_LOOP_ANALYSIS = YES;
				CLANG_WARN_STRICT_PROTOTYPES = YES;
				CLANG_WARN_SUSPICIOUS_MOVE = YES;
				CLANG_WARN_UNGUARDED_AVAILABILITY = YES_AGGRESSIVE;
				CLANG_WARN_UNREACHABLE_CODE = YES;
				CLANG_WARN__DUPLICATE_METHOD_MATCH = YES;
				COPY_PHASE_STRIP = NO;
				DEBUG_INFORMATION_FORMAT = "dwarf-with-dsym";
				ENABLE_NS_ASSERTIONS = NO;
				ENABLE_STRICT_OBJC_MSGSEND = YES;
				GCC_C_LANGUAGE_STANDARD = gnu11;
				GCC_NO_COMMON_BLOCKS = YES;
				GCC_WARN_64_TO_32_BIT_CONVERSION = YES;
				GCC_WARN_ABOUT_RETURN_TYPE = YES_ERROR;
				GCC_WARN_UNDECLARED_SELECTOR = YES;
				GCC_WARN_UNINITIALIZED_AUTOS = YES_AGGRESSIVE;
				GCC_WARN_UNUSED_FUNCTION = YES;
				GCC_WARN_UNUSED_VARIABLE = YES;
				IPHONEOS_DEPLOYMENT_TARGET = 16.4;
				MTL_ENABLE_DEBUG_INFO = NO;
				MTL_FAST_MATH = YES;
				SDKROOT = iphoneos;
				SWIFT_COMPILATION_MODE = wholemodule;
				SWIFT_OPTIMIZATION_LEVEL = "-O";
				VALIDATE_PRODUCT = YES;
			};
			name = Release;
		};
		A19AF56B2AFBAF71007F4D95 /* Debug */ = {
			isa = XCBuildConfiguration;
			buildSettings = {
				ASSETCATALOG_COMPILER_APPICON_NAME = AppIcon;
				ASSETCATALOG_COMPILER_GLOBAL_ACCENT_COLOR_NAME = AccentColor;
				CODE_SIGN_STYLE = Automatic;
				CURRENT_PROJECT_VERSION = 1;
				GENERATE_INFOPLIST_FILE = YES;
				INFOPLIST_FILE = YassirTaskMovies/Info.plist;
				INFOPLIST_KEY_UIApplicationSupportsIndirectInputEvents = YES;
				INFOPLIST_KEY_UILaunchStoryboardName = LaunchScreen;
				INFOPLIST_KEY_UISupportedInterfaceOrientations_iPad = "UIInterfaceOrientationPortrait UIInterfaceOrientationPortraitUpsideDown UIInterfaceOrientationLandscapeLeft UIInterfaceOrientationLandscapeRight";
				INFOPLIST_KEY_UISupportedInterfaceOrientations_iPhone = "UIInterfaceOrientationPortrait UIInterfaceOrientationLandscapeLeft UIInterfaceOrientationLandscapeRight";
				LD_RUNPATH_SEARCH_PATHS = (
					"$(inherited)",
					"@executable_path/Frameworks",
				);
				MARKETING_VERSION = 1.0;
				PRODUCT_BUNDLE_IDENTIFIER = com.yassir.YassirTaskMovies;
				PRODUCT_NAME = "$(TARGET_NAME)";
				SUPPORTED_PLATFORMS = "iphoneos iphonesimulator";
				SUPPORTS_MACCATALYST = NO;
				SUPPORTS_MAC_DESIGNED_FOR_IPHONE_IPAD = NO;
				SWIFT_EMIT_LOC_STRINGS = YES;
				SWIFT_VERSION = 5.0;
				TARGETED_DEVICE_FAMILY = 1;
			};
			name = Debug;
		};
		A19AF56C2AFBAF71007F4D95 /* Release */ = {
			isa = XCBuildConfiguration;
			buildSettings = {
				ASSETCATALOG_COMPILER_APPICON_NAME = AppIcon;
				ASSETCATALOG_COMPILER_GLOBAL_ACCENT_COLOR_NAME = AccentColor;
				CODE_SIGN_STYLE = Automatic;
				CURRENT_PROJECT_VERSION = 1;
				GENERATE_INFOPLIST_FILE = YES;
				INFOPLIST_FILE = YassirTaskMovies/Info.plist;
				INFOPLIST_KEY_UIApplicationSupportsIndirectInputEvents = YES;
				INFOPLIST_KEY_UILaunchStoryboardName = LaunchScreen;
				INFOPLIST_KEY_UISupportedInterfaceOrientations_iPad = "UIInterfaceOrientationPortrait UIInterfaceOrientationPortraitUpsideDown UIInterfaceOrientationLandscapeLeft UIInterfaceOrientationLandscapeRight";
				INFOPLIST_KEY_UISupportedInterfaceOrientations_iPhone = "UIInterfaceOrientationPortrait UIInterfaceOrientationLandscapeLeft UIInterfaceOrientationLandscapeRight";
				LD_RUNPATH_SEARCH_PATHS = (
					"$(inherited)",
					"@executable_path/Frameworks",
				);
				MARKETING_VERSION = 1.0;
				PRODUCT_BUNDLE_IDENTIFIER = com.yassir.YassirTaskMovies;
				PRODUCT_NAME = "$(TARGET_NAME)";
				SUPPORTED_PLATFORMS = "iphoneos iphonesimulator";
				SUPPORTS_MACCATALYST = NO;
				SUPPORTS_MAC_DESIGNED_FOR_IPHONE_IPAD = NO;
				SWIFT_EMIT_LOC_STRINGS = YES;
				SWIFT_VERSION = 5.0;
				TARGETED_DEVICE_FAMILY = 1;
			};
			name = Release;
		};
		A19AF56E2AFBAF71007F4D95 /* Debug */ = {
			isa = XCBuildConfiguration;
			buildSettings = {
				ALWAYS_EMBED_SWIFT_STANDARD_LIBRARIES = YES;
				BUNDLE_LOADER = "$(TEST_HOST)";
				CODE_SIGN_STYLE = Automatic;
				CURRENT_PROJECT_VERSION = 1;
				GENERATE_INFOPLIST_FILE = YES;
				IPHONEOS_DEPLOYMENT_TARGET = 16.4;
				MARKETING_VERSION = 1.0;
				PRODUCT_BUNDLE_IDENTIFIER = com.yassir.YassirTaskMoviesTests;
				PRODUCT_NAME = "$(TARGET_NAME)";
				SWIFT_EMIT_LOC_STRINGS = NO;
				SWIFT_VERSION = 5.0;
				TARGETED_DEVICE_FAMILY = "1,2";
				TEST_HOST = "$(BUILT_PRODUCTS_DIR)/YassirTaskMovies.app/$(BUNDLE_EXECUTABLE_FOLDER_PATH)/YassirTaskMovies";
			};
			name = Debug;
		};
		A19AF56F2AFBAF71007F4D95 /* Release */ = {
			isa = XCBuildConfiguration;
			buildSettings = {
				ALWAYS_EMBED_SWIFT_STANDARD_LIBRARIES = YES;
				BUNDLE_LOADER = "$(TEST_HOST)";
				CODE_SIGN_STYLE = Automatic;
				CURRENT_PROJECT_VERSION = 1;
				GENERATE_INFOPLIST_FILE = YES;
				IPHONEOS_DEPLOYMENT_TARGET = 16.4;
				MARKETING_VERSION = 1.0;
				PRODUCT_BUNDLE_IDENTIFIER = com.yassir.YassirTaskMoviesTests;
				PRODUCT_NAME = "$(TARGET_NAME)";
				SWIFT_EMIT_LOC_STRINGS = NO;
				SWIFT_VERSION = 5.0;
				TARGETED_DEVICE_FAMILY = "1,2";
				TEST_HOST = "$(BUILT_PRODUCTS_DIR)/YassirTaskMovies.app/$(BUNDLE_EXECUTABLE_FOLDER_PATH)/YassirTaskMovies";
			};
			name = Release;
		};
		A19AF5712AFBAF71007F4D95 /* Debug */ = {
			isa = XCBuildConfiguration;
			buildSettings = {
				ALWAYS_EMBED_SWIFT_STANDARD_LIBRARIES = YES;
				CODE_SIGN_STYLE = Automatic;
				CURRENT_PROJECT_VERSION = 1;
				GENERATE_INFOPLIST_FILE = YES;
				MARKETING_VERSION = 1.0;
				PRODUCT_BUNDLE_IDENTIFIER = com.yassir.YassirTaskMoviesUITests;
				PRODUCT_NAME = "$(TARGET_NAME)";
				SWIFT_EMIT_LOC_STRINGS = NO;
				SWIFT_VERSION = 5.0;
				TARGETED_DEVICE_FAMILY = "1,2";
				TEST_TARGET_NAME = YassirTaskMovies;
			};
			name = Debug;
		};
		A19AF5722AFBAF71007F4D95 /* Release */ = {
			isa = XCBuildConfiguration;
			buildSettings = {
				ALWAYS_EMBED_SWIFT_STANDARD_LIBRARIES = YES;
				CODE_SIGN_STYLE = Automatic;
				CURRENT_PROJECT_VERSION = 1;
				GENERATE_INFOPLIST_FILE = YES;
				MARKETING_VERSION = 1.0;
				PRODUCT_BUNDLE_IDENTIFIER = com.yassir.YassirTaskMoviesUITests;
				PRODUCT_NAME = "$(TARGET_NAME)";
				SWIFT_EMIT_LOC_STRINGS = NO;
				SWIFT_VERSION = 5.0;
				TARGETED_DEVICE_FAMILY = "1,2";
				TEST_TARGET_NAME = YassirTaskMovies;
			};
			name = Release;
		};
/* End XCBuildConfiguration section */

/* Begin XCConfigurationList section */
		A19AF53B2AFBAF70007F4D95 /* Build configuration list for PBXProject "YassirTaskMovies" */ = {
			isa = XCConfigurationList;
			buildConfigurations = (
				A19AF5682AFBAF71007F4D95 /* Debug */,
				A19AF5692AFBAF71007F4D95 /* Release */,
			);
			defaultConfigurationIsVisible = 0;
			defaultConfigurationName = Release;
		};
		A19AF56A2AFBAF71007F4D95 /* Build configuration list for PBXNativeTarget "YassirTaskMovies" */ = {
			isa = XCConfigurationList;
			buildConfigurations = (
				A19AF56B2AFBAF71007F4D95 /* Debug */,
				A19AF56C2AFBAF71007F4D95 /* Release */,
			);
			defaultConfigurationIsVisible = 0;
			defaultConfigurationName = Release;
		};
		A19AF56D2AFBAF71007F4D95 /* Build configuration list for PBXNativeTarget "YassirTaskMoviesTests" */ = {
			isa = XCConfigurationList;
			buildConfigurations = (
				A19AF56E2AFBAF71007F4D95 /* Debug */,
				A19AF56F2AFBAF71007F4D95 /* Release */,
			);
			defaultConfigurationIsVisible = 0;
			defaultConfigurationName = Release;
		};
		A19AF5702AFBAF71007F4D95 /* Build configuration list for PBXNativeTarget "YassirTaskMoviesUITests" */ = {
			isa = XCConfigurationList;
			buildConfigurations = (
				A19AF5712AFBAF71007F4D95 /* Debug */,
				A19AF5722AFBAF71007F4D95 /* Release */,
			);
			defaultConfigurationIsVisible = 0;
			defaultConfigurationName = Release;
		};
/* End XCConfigurationList section */

/* Begin XCRemoteSwiftPackageReference section */
		A1F9D3482AFC084600D4830D /* XCRemoteSwiftPackageReference "AlamofireImage" */ = {
			isa = XCRemoteSwiftPackageReference;
			repositoryURL = "https://github.com/Alamofire/AlamofireImage";
			requirement = {
				kind = upToNextMajorVersion;
				minimumVersion = 4.0.0;
			};
		};
/* End XCRemoteSwiftPackageReference section */

/* Begin XCSwiftPackageProductDependency section */
		A1F9D3492AFC084600D4830D /* AlamofireImage */ = {
			isa = XCSwiftPackageProductDependency;
			package = A1F9D3482AFC084600D4830D /* XCRemoteSwiftPackageReference "AlamofireImage" */;
			productName = AlamofireImage;
		};
/* End XCSwiftPackageProductDependency section */
	};
	rootObject = A19AF5382AFBAF70007F4D95 /* Project object */;
}
